// !$*UTF8*$!
{
	archiveVersion = 1;
	classes = {
	};
	objectVersion = 56;
	objects = {

/* Begin PBXBuildFile section */
		594386AB2B41913B00D94A16 /* AmbientSoundsApp.swift in Sources */ = {isa = PBXBuildFile; fileRef = 594386AA2B41913B00D94A16 /* AmbientSoundsApp.swift */; };
		594386AD2B41913B00D94A16 /* ContentView.swift in Sources */ = {isa = PBXBuildFile; fileRef = 594386AC2B41913B00D94A16 /* ContentView.swift */; };
		594386AF2B41914100D94A16 /* Assets.xcassets in Resources */ = {isa = PBXBuildFile; fileRef = 594386AE2B41914100D94A16 /* Assets.xcassets */; };
		594386B32B41914100D94A16 /* Preview Assets.xcassets in Resources */ = {isa = PBXBuildFile; fileRef = 594386B22B41914100D94A16 /* Preview Assets.xcassets */; };
		594386BD2B41914200D94A16 /* AmbientSoundsTests.swift in Sources */ = {isa = PBXBuildFile; fileRef = 594386BC2B41914200D94A16 /* AmbientSoundsTests.swift */; };
		594386C72B41914200D94A16 /* AmbientSoundsUITests.swift in Sources */ = {isa = PBXBuildFile; fileRef = 594386C62B41914200D94A16 /* AmbientSoundsUITests.swift */; };
		594386C92B41914200D94A16 /* AmbientSoundsUITestsLaunchTests.swift in Sources */ = {isa = PBXBuildFile; fileRef = 594386C82B41914200D94A16 /* AmbientSoundsUITestsLaunchTests.swift */; };
/* End PBXBuildFile section */

/* Begin PBXContainerItemProxy section */
		594386B92B41914200D94A16 /* PBXContainerItemProxy */ = {
			isa = PBXContainerItemProxy;
			containerPortal = 5943869F2B41913B00D94A16 /* Project object */;
			proxyType = 1;
			remoteGlobalIDString = 594386A62B41913B00D94A16;
			remoteInfo = AmbientSounds;
		};
		594386C32B41914200D94A16 /* PBXContainerItemProxy */ = {
			isa = PBXContainerItemProxy;
			containerPortal = 5943869F2B41913B00D94A16 /* Project object */;
			proxyType = 1;
			remoteGlobalIDString = 594386A62B41913B00D94A16;
			remoteInfo = AmbientSounds;
		};
/* End PBXContainerItemProxy section */

/* Begin PBXFileReference section */
		594386A72B41913B00D94A16 /* AmbientSounds.app */ = {isa = PBXFileReference; explicitFileType = wrapper.application; includeInIndex = 0; path = AmbientSounds.app; sourceTree = BUILT_PRODUCTS_DIR; };
		594386AA2B41913B00D94A16 /* AmbientSoundsApp.swift */ = {isa = PBXFileReference; lastKnownFileType = sourcecode.swift; path = AmbientSoundsApp.swift; sourceTree = "<group>"; };
		594386AC2B41913B00D94A16 /* ContentView.swift */ = {isa = PBXFileReference; lastKnownFileType = sourcecode.swift; path = ContentView.swift; sourceTree = "<group>"; };
		594386AE2B41914100D94A16 /* Assets.xcassets */ = {isa = PBXFileReference; lastKnownFileType = folder.assetcatalog; path = Assets.xcassets; sourceTree = "<group>"; };
		594386B02B41914100D94A16 /* AmbientSounds.entitlements */ = {isa = PBXFileReference; lastKnownFileType = text.plist.entitlements; path = AmbientSounds.entitlements; sourceTree = "<group>"; };
		594386B22B41914100D94A16 /* Preview Assets.xcassets */ = {isa = PBXFileReference; lastKnownFileType = folder.assetcatalog; path = "Preview Assets.xcassets"; sourceTree = "<group>"; };
		594386B82B41914200D94A16 /* AmbientSoundsTests.xctest */ = {isa = PBXFileReference; explicitFileType = wrapper.cfbundle; includeInIndex = 0; path = AmbientSoundsTests.xctest; sourceTree = BUILT_PRODUCTS_DIR; };
		594386BC2B41914200D94A16 /* AmbientSoundsTests.swift */ = {isa = PBXFileReference; lastKnownFileType = sourcecode.swift; path = AmbientSoundsTests.swift; sourceTree = "<group>"; };
		594386C22B41914200D94A16 /* AmbientSoundsUITests.xctest */ = {isa = PBXFileReference; explicitFileType = wrapper.cfbundle; includeInIndex = 0; path = AmbientSoundsUITests.xctest; sourceTree = BUILT_PRODUCTS_DIR; };
		594386C62B41914200D94A16 /* AmbientSoundsUITests.swift */ = {isa = PBXFileReference; lastKnownFileType = sourcecode.swift; path = AmbientSoundsUITests.swift; sourceTree = "<group>"; };
		594386C82B41914200D94A16 /* AmbientSoundsUITestsLaunchTests.swift */ = {isa = PBXFileReference; lastKnownFileType = sourcecode.swift; path = AmbientSoundsUITestsLaunchTests.swift; sourceTree = "<group>"; };
/* End PBXFileReference section */

/* Begin PBXFrameworksBuildPhase section */
		594386A42B41913B00D94A16 /* Frameworks */ = {
			isa = PBXFrameworksBuildPhase;
			buildActionMask = 2147483647;
			files = (
			);
			runOnlyForDeploymentPostprocessing = 0;
		};
		594386B52B41914200D94A16 /* Frameworks */ = {
			isa = PBXFrameworksBuildPhase;
			buildActionMask = 2147483647;
			files = (
			);
			runOnlyForDeploymentPostprocessing = 0;
		};
		594386BF2B41914200D94A16 /* Frameworks */ = {
			isa = PBXFrameworksBuildPhase;
			buildActionMask = 2147483647;
			files = (
			);
			runOnlyForDeploymentPostprocessing = 0;
		};
/* End PBXFrameworksBuildPhase section */

/* Begin PBXGroup section */
		5943869E2B41913B00D94A16 = {
			isa = PBXGroup;
			children = (
				594386A92B41913B00D94A16 /* AmbientSounds */,
				594386BB2B41914200D94A16 /* AmbientSoundsTests */,
				594386C52B41914200D94A16 /* AmbientSoundsUITests */,
				594386A82B41913B00D94A16 /* Products */,
			);
			sourceTree = "<group>";
		};
		594386A82B41913B00D94A16 /* Products */ = {
			isa = PBXGroup;
			children = (
				594386A72B41913B00D94A16 /* AmbientSounds.app */,
				594386B82B41914200D94A16 /* AmbientSoundsTests.xctest */,
				594386C22B41914200D94A16 /* AmbientSoundsUITests.xctest */,
			);
			name = Products;
			sourceTree = "<group>";
		};
		594386A92B41913B00D94A16 /* AmbientSounds */ = {
			isa = PBXGroup;
			children = (
				594386AA2B41913B00D94A16 /* AmbientSoundsApp.swift */,
				594386AC2B41913B00D94A16 /* ContentView.swift */,
				594386AE2B41914100D94A16 /* Assets.xcassets */,
				594386B02B41914100D94A16 /* AmbientSounds.entitlements */,
				594386B12B41914100D94A16 /* Preview Content */,
			);
			path = AmbientSounds;
			sourceTree = "<group>";
		};
		594386B12B41914100D94A16 /* Preview Content */ = {
			isa = PBXGroup;
			children = (
				594386B22B41914100D94A16 /* Preview Assets.xcassets */,
			);
			path = "Preview Content";
			sourceTree = "<group>";
		};
		594386BB2B41914200D94A16 /* AmbientSoundsTests */ = {
			isa = PBXGroup;
			children = (
				594386BC2B41914200D94A16 /* AmbientSoundsTests.swift */,
			);
			path = AmbientSoundsTests;
			sourceTree = "<group>";
		};
		594386C52B41914200D94A16 /* AmbientSoundsUITests */ = {
			isa = PBXGroup;
			children = (
				594386C62B41914200D94A16 /* AmbientSoundsUITests.swift */,
				594386C82B41914200D94A16 /* AmbientSoundsUITestsLaunchTests.swift */,
			);
			path = AmbientSoundsUITests;
			sourceTree = "<group>";
		};
/* End PBXGroup section */

/* Begin PBXNativeTarget section */
		594386A62B41913B00D94A16 /* AmbientSounds */ = {
			isa = PBXNativeTarget;
			buildConfigurationList = 594386CC2B41914200D94A16 /* Build configuration list for PBXNativeTarget "AmbientSounds" */;
			buildPhases = (
				594386A32B41913B00D94A16 /* Sources */,
				594386A42B41913B00D94A16 /* Frameworks */,
				594386A52B41913B00D94A16 /* Resources */,
			);
			buildRules = (
			);
			dependencies = (
			);
			name = AmbientSounds;
			productName = AmbientSounds;
			productReference = 594386A72B41913B00D94A16 /* AmbientSounds.app */;
			productType = "com.apple.product-type.application";
		};
		594386B72B41914200D94A16 /* AmbientSoundsTests */ = {
			isa = PBXNativeTarget;
			buildConfigurationList = 594386CF2B41914200D94A16 /* Build configuration list for PBXNativeTarget "AmbientSoundsTests" */;
			buildPhases = (
				594386B42B41914200D94A16 /* Sources */,
				594386B52B41914200D94A16 /* Frameworks */,
				594386B62B41914200D94A16 /* Resources */,
			);
			buildRules = (
			);
			dependencies = (
				594386BA2B41914200D94A16 /* PBXTargetDependency */,
			);
			name = AmbientSoundsTests;
			productName = AmbientSoundsTests;
			productReference = 594386B82B41914200D94A16 /* AmbientSoundsTests.xctest */;
			productType = "com.apple.product-type.bundle.unit-test";
		};
		594386C12B41914200D94A16 /* AmbientSoundsUITests */ = {
			isa = PBXNativeTarget;
			buildConfigurationList = 594386D22B41914200D94A16 /* Build configuration list for PBXNativeTarget "AmbientSoundsUITests" */;
			buildPhases = (
				594386BE2B41914200D94A16 /* Sources */,
				594386BF2B41914200D94A16 /* Frameworks */,
				594386C02B41914200D94A16 /* Resources */,
			);
			buildRules = (
			);
			dependencies = (
				594386C42B41914200D94A16 /* PBXTargetDependency */,
			);
			name = AmbientSoundsUITests;
			productName = AmbientSoundsUITests;
			productReference = 594386C22B41914200D94A16 /* AmbientSoundsUITests.xctest */;
			productType = "com.apple.product-type.bundle.ui-testing";
		};
/* End PBXNativeTarget section */

/* Begin PBXProject section */
		5943869F2B41913B00D94A16 /* Project object */ = {
			isa = PBXProject;
			attributes = {
				BuildIndependentTargetsInParallel = 1;
				LastSwiftUpdateCheck = 1510;
				LastUpgradeCheck = 1510;
				TargetAttributes = {
					594386A62B41913B00D94A16 = {
						CreatedOnToolsVersion = 15.1;
					};
					594386B72B41914200D94A16 = {
						CreatedOnToolsVersion = 15.1;
						TestTargetID = 594386A62B41913B00D94A16;
					};
					594386C12B41914200D94A16 = {
						CreatedOnToolsVersion = 15.1;
						TestTargetID = 594386A62B41913B00D94A16;
					};
				};
			};
			buildConfigurationList = 594386A22B41913B00D94A16 /* Build configuration list for PBXProject "AmbientSounds" */;
			compatibilityVersion = "Xcode 14.0";
			developmentRegion = en;
			hasScannedForEncodings = 0;
			knownRegions = (
				en,
				Base,
			);
			mainGroup = 5943869E2B41913B00D94A16;
			productRefGroup = 594386A82B41913B00D94A16 /* Products */;
			projectDirPath = "";
			projectRoot = "";
			targets = (
				594386A62B41913B00D94A16 /* AmbientSounds */,
				594386B72B41914200D94A16 /* AmbientSoundsTests */,
				594386C12B41914200D94A16 /* AmbientSoundsUITests */,
			);
		};
/* End PBXProject section */

/* Begin PBXResourcesBuildPhase section */
		594386A52B41913B00D94A16 /* Resources */ = {
			isa = PBXResourcesBuildPhase;
			buildActionMask = 2147483647;
			files = (
				594386B32B41914100D94A16 /* Preview Assets.xcassets in Resources */,
				594386AF2B41914100D94A16 /* Assets.xcassets in Resources */,
			);
			runOnlyForDeploymentPostprocessing = 0;
		};
		594386B62B41914200D94A16 /* Resources */ = {
			isa = PBXResourcesBuildPhase;
			buildActionMask = 2147483647;
			files = (
			);
			runOnlyForDeploymentPostprocessing = 0;
		};
		594386C02B41914200D94A16 /* Resources */ = {
			isa = PBXResourcesBuildPhase;
			buildActionMask = 2147483647;
			files = (
			);
			runOnlyForDeploymentPostprocessing = 0;
		};
/* End PBXResourcesBuildPhase section */

/* Begin PBXSourcesBuildPhase section */
		594386A32B41913B00D94A16 /* Sources */ = {
			isa = PBXSourcesBuildPhase;
			buildActionMask = 2147483647;
			files = (
				594386AD2B41913B00D94A16 /* ContentView.swift in Sources */,
				594386AB2B41913B00D94A16 /* AmbientSoundsApp.swift in Sources */,
			);
			runOnlyForDeploymentPostprocessing = 0;
		};
		594386B42B41914200D94A16 /* Sources */ = {
			isa = PBXSourcesBuildPhase;
			buildActionMask = 2147483647;
			files = (
				594386BD2B41914200D94A16 /* AmbientSoundsTests.swift in Sources */,
			);
			runOnlyForDeploymentPostprocessing = 0;
		};
		594386BE2B41914200D94A16 /* Sources */ = {
			isa = PBXSourcesBuildPhase;
			buildActionMask = 2147483647;
			files = (
				594386C72B41914200D94A16 /* AmbientSoundsUITests.swift in Sources */,
				594386C92B41914200D94A16 /* AmbientSoundsUITestsLaunchTests.swift in Sources */,
			);
			runOnlyForDeploymentPostprocessing = 0;
		};
/* End PBXSourcesBuildPhase section */

/* Begin PBXTargetDependency section */
		594386BA2B41914200D94A16 /* PBXTargetDependency */ = {
			isa = PBXTargetDependency;
			target = 594386A62B41913B00D94A16 /* AmbientSounds */;
			targetProxy = 594386B92B41914200D94A16 /* PBXContainerItemProxy */;
		};
		594386C42B41914200D94A16 /* PBXTargetDependency */ = {
			isa = PBXTargetDependency;
			target = 594386A62B41913B00D94A16 /* AmbientSounds */;
			targetProxy = 594386C32B41914200D94A16 /* PBXContainerItemProxy */;
		};
/* End PBXTargetDependency section */

/* Begin XCBuildConfiguration section */
		594386CA2B41914200D94A16 /* Debug */ = {
			isa = XCBuildConfiguration;
			buildSettings = {
				ALWAYS_SEARCH_USER_PATHS = NO;
				ASSETCATALOG_COMPILER_GENERATE_SWIFT_ASSET_SYMBOL_EXTENSIONS = YES;
				CLANG_ANALYZER_NONNULL = YES;
				CLANG_ANALYZER_NUMBER_OBJECT_CONVERSION = YES_AGGRESSIVE;
				CLANG_CXX_LANGUAGE_STANDARD = "gnu++20";
				CLANG_ENABLE_MODULES = YES;
				CLANG_ENABLE_OBJC_ARC = YES;
				CLANG_ENABLE_OBJC_WEAK = YES;
				CLANG_WARN_BLOCK_CAPTURE_AUTORELEASING = YES;
				CLANG_WARN_BOOL_CONVERSION = YES;
				CLANG_WARN_COMMA = YES;
				CLANG_WARN_CONSTANT_CONVERSION = YES;
				CLANG_WARN_DEPRECATED_OBJC_IMPLEMENTATIONS = YES;
				CLANG_WARN_DIRECT_OBJC_ISA_USAGE = YES_ERROR;
				CLANG_WARN_DOCUMENTATION_COMMENTS = YES;
				CLANG_WARN_EMPTY_BODY = YES;
				CLANG_WARN_ENUM_CONVERSION = YES;
				CLANG_WARN_INFINITE_RECURSION = YES;
				CLANG_WARN_INT_CONVERSION = YES;
				CLANG_WARN_NON_LITERAL_NULL_CONVERSION = YES;
				CLANG_WARN_OBJC_IMPLICIT_RETAIN_SELF = YES;
				CLANG_WARN_OBJC_LITERAL_CONVERSION = YES;
				CLANG_WARN_OBJC_ROOT_CLASS = YES_ERROR;
				CLANG_WARN_QUOTED_INCLUDE_IN_FRAMEWORK_HEADER = YES;
				CLANG_WARN_RANGE_LOOP_ANALYSIS = YES;
				CLANG_WARN_STRICT_PROTOTYPES = YES;
				CLANG_WARN_SUSPICIOUS_MOVE = YES;
				CLANG_WARN_UNGUARDED_AVAILABILITY = YES_AGGRESSIVE;
				CLANG_WARN_UNREACHABLE_CODE = YES;
				CLANG_WARN__DUPLICATE_METHOD_MATCH = YES;
				COPY_PHASE_STRIP = NO;
				DEBUG_INFORMATION_FORMAT = dwarf;
				ENABLE_STRICT_OBJC_MSGSEND = YES;
				ENABLE_TESTABILITY = YES;
				ENABLE_USER_SCRIPT_SANDBOXING = YES;
				GCC_C_LANGUAGE_STANDARD = gnu17;
				GCC_DYNAMIC_NO_PIC = NO;
				GCC_NO_COMMON_BLOCKS = YES;
				GCC_OPTIMIZATION_LEVEL = 0;
				GCC_PREPROCESSOR_DEFINITIONS = (
					"DEBUG=1",
					"$(inherited)",
				);
				GCC_WARN_64_TO_32_BIT_CONVERSION = YES;
				GCC_WARN_ABOUT_RETURN_TYPE = YES_ERROR;
				GCC_WARN_UNDECLARED_SELECTOR = YES;
				GCC_WARN_UNINITIALIZED_AUTOS = YES_AGGRESSIVE;
				GCC_WARN_UNUSED_FUNCTION = YES;
				GCC_WARN_UNUSED_VARIABLE = YES;
				LOCALIZATION_PREFERS_STRING_CATALOGS = YES;
				MTL_ENABLE_DEBUG_INFO = INCLUDE_SOURCE;
				MTL_FAST_MATH = YES;
				ONLY_ACTIVE_ARCH = YES;
				SWIFT_ACTIVE_COMPILATION_CONDITIONS = "DEBUG $(inherited)";
				SWIFT_OPTIMIZATION_LEVEL = "-Onone";
			};
			name = Debug;
		};
		594386CB2B41914200D94A16 /* Release */ = {
			isa = XCBuildConfiguration;
			buildSettings = {
				ALWAYS_SEARCH_USER_PATHS = NO;
				ASSETCATALOG_COMPILER_GENERATE_SWIFT_ASSET_SYMBOL_EXTENSIONS = YES;
				CLANG_ANALYZER_NONNULL = YES;
				CLANG_ANALYZER_NUMBER_OBJECT_CONVERSION = YES_AGGRESSIVE;
				CLANG_CXX_LANGUAGE_STANDARD = "gnu++20";
				CLANG_ENABLE_MODULES = YES;
				CLANG_ENABLE_OBJC_ARC = YES;
				CLANG_ENABLE_OBJC_WEAK = YES;
				CLANG_WARN_BLOCK_CAPTURE_AUTORELEASING = YES;
				CLANG_WARN_BOOL_CONVERSION = YES;
				CLANG_WARN_COMMA = YES;
				CLANG_WARN_CONSTANT_CONVERSION = YES;
				CLANG_WARN_DEPRECATED_OBJC_IMPLEMENTATIONS = YES;
				CLANG_WARN_DIRECT_OBJC_ISA_USAGE = YES_ERROR;
				CLANG_WARN_DOCUMENTATION_COMMENTS = YES;
				CLANG_WARN_EMPTY_BODY = YES;
				CLANG_WARN_ENUM_CONVERSION = YES;
				CLANG_WARN_INFINITE_RECURSION = YES;
				CLANG_WARN_INT_CONVERSION = YES;
				CLANG_WARN_NON_LITERAL_NULL_CONVERSION = YES;
				CLANG_WARN_OBJC_IMPLICIT_RETAIN_SELF = YES;
				CLANG_WARN_OBJC_LITERAL_CONVERSION = YES;
				CLANG_WARN_OBJC_ROOT_CLASS = YES_ERROR;
				CLANG_WARN_QUOTED_INCLUDE_IN_FRAMEWORK_HEADER = YES;
				CLANG_WARN_RANGE_LOOP_ANALYSIS = YES;
				CLANG_WARN_STRICT_PROTOTYPES = YES;
				CLANG_WARN_SUSPICIOUS_MOVE = YES;
				CLANG_WARN_UNGUARDED_AVAILABILITY = YES_AGGRESSIVE;
				CLANG_WARN_UNREACHABLE_CODE = YES;
				CLANG_WARN__DUPLICATE_METHOD_MATCH = YES;
				COPY_PHASE_STRIP = NO;
				DEBUG_INFORMATION_FORMAT = "dwarf-with-dsym";
				ENABLE_NS_ASSERTIONS = NO;
				ENABLE_STRICT_OBJC_MSGSEND = YES;
				ENABLE_USER_SCRIPT_SANDBOXING = YES;
				GCC_C_LANGUAGE_STANDARD = gnu17;
				GCC_NO_COMMON_BLOCKS = YES;
				GCC_WARN_64_TO_32_BIT_CONVERSION = YES;
				GCC_WARN_ABOUT_RETURN_TYPE = YES_ERROR;
				GCC_WARN_UNDECLARED_SELECTOR = YES;
				GCC_WARN_UNINITIALIZED_AUTOS = YES_AGGRESSIVE;
				GCC_WARN_UNUSED_FUNCTION = YES;
				GCC_WARN_UNUSED_VARIABLE = YES;
				LOCALIZATION_PREFERS_STRING_CATALOGS = YES;
				MTL_ENABLE_DEBUG_INFO = NO;
				MTL_FAST_MATH = YES;
				SWIFT_COMPILATION_MODE = wholemodule;
			};
			name = Release;
		};
		594386CD2B41914200D94A16 /* Debug */ = {
			isa = XCBuildConfiguration;
			buildSettings = {
				ASSETCATALOG_COMPILER_APPICON_NAME = AppIcon;
				ASSETCATALOG_COMPILER_GLOBAL_ACCENT_COLOR_NAME = AccentColor;
				CODE_SIGN_ENTITLEMENTS = AmbientSounds/AmbientSounds.entitlements;
				CODE_SIGN_STYLE = Automatic;
				CURRENT_PROJECT_VERSION = 1;
				DEVELOPMENT_ASSET_PATHS = "\"AmbientSounds/Preview Content\"";
				DEVELOPMENT_TEAM = RH3P6FM765;
				ENABLE_HARDENED_RUNTIME = YES;
				ENABLE_PREVIEWS = YES;
				GENERATE_INFOPLIST_FILE = YES;
				"INFOPLIST_KEY_UIApplicationSceneManifest_Generation[sdk=iphoneos*]" = YES;
				"INFOPLIST_KEY_UIApplicationSceneManifest_Generation[sdk=iphonesimulator*]" = YES;
				"INFOPLIST_KEY_UIApplicationSupportsIndirectInputEvents[sdk=iphoneos*]" = YES;
				"INFOPLIST_KEY_UIApplicationSupportsIndirectInputEvents[sdk=iphonesimulator*]" = YES;
				"INFOPLIST_KEY_UILaunchScreen_Generation[sdk=iphoneos*]" = YES;
				"INFOPLIST_KEY_UILaunchScreen_Generation[sdk=iphonesimulator*]" = YES;
				"INFOPLIST_KEY_UIStatusBarStyle[sdk=iphoneos*]" = UIStatusBarStyleDefault;
				"INFOPLIST_KEY_UIStatusBarStyle[sdk=iphonesimulator*]" = UIStatusBarStyleDefault;
				INFOPLIST_KEY_UISupportedInterfaceOrientations_iPad = "UIInterfaceOrientationPortrait UIInterfaceOrientationPortraitUpsideDown UIInterfaceOrientationLandscapeLeft UIInterfaceOrientationLandscapeRight";
				INFOPLIST_KEY_UISupportedInterfaceOrientations_iPhone = "UIInterfaceOrientationPortrait UIInterfaceOrientationLandscapeLeft UIInterfaceOrientationLandscapeRight";
				IPHONEOS_DEPLOYMENT_TARGET = 17.2;
				LD_RUNPATH_SEARCH_PATHS = "@executable_path/Frameworks";
				"LD_RUNPATH_SEARCH_PATHS[sdk=macosx*]" = "@executable_path/../Frameworks";
				MACOSX_DEPLOYMENT_TARGET = 14.2;
				MARKETING_VERSION = 1.0;
				PRODUCT_BUNDLE_IDENTIFIER = com.vdmholding.AmbientSounds;
				PRODUCT_NAME = "$(TARGET_NAME)";
				SDKROOT = auto;
				SUPPORTED_PLATFORMS = "iphoneos iphonesimulator macosx";
				SWIFT_EMIT_LOC_STRINGS = YES;
				SWIFT_VERSION = 5.0;
				TARGETED_DEVICE_FAMILY = "1,2";
			};
			name = Debug;
		};
		594386CE2B41914200D94A16 /* Release */ = {
			isa = XCBuildConfiguration;
			buildSettings = {
				ASSETCATALOG_COMPILER_APPICON_NAME = AppIcon;
				ASSETCATALOG_COMPILER_GLOBAL_ACCENT_COLOR_NAME = AccentColor;
				CODE_SIGN_ENTITLEMENTS = AmbientSounds/AmbientSounds.entitlements;
				CODE_SIGN_STYLE = Automatic;
				CURRENT_PROJECT_VERSION = 1;
				DEVELOPMENT_ASSET_PATHS = "\"AmbientSounds/Preview Content\"";
				DEVELOPMENT_TEAM = RH3P6FM765;
				ENABLE_HARDENED_RUNTIME = YES;
				ENABLE_PREVIEWS = YES;
				GENERATE_INFOPLIST_FILE = YES;
				"INFOPLIST_KEY_UIApplicationSceneManifest_Generation[sdk=iphoneos*]" = YES;
				"INFOPLIST_KEY_UIApplicationSceneManifest_Generation[sdk=iphonesimulator*]" = YES;
				"INFOPLIST_KEY_UIApplicationSupportsIndirectInputEvents[sdk=iphoneos*]" = YES;
				"INFOPLIST_KEY_UIApplicationSupportsIndirectInputEvents[sdk=iphonesimulator*]" = YES;
				"INFOPLIST_KEY_UILaunchScreen_Generation[sdk=iphoneos*]" = YES;
				"INFOPLIST_KEY_UILaunchScreen_Generation[sdk=iphonesimulator*]" = YES;
				"INFOPLIST_KEY_UIStatusBarStyle[sdk=iphoneos*]" = UIStatusBarStyleDefault;
				"INFOPLIST_KEY_UIStatusBarStyle[sdk=iphonesimulator*]" = UIStatusBarStyleDefault;
				INFOPLIST_KEY_UISupportedInterfaceOrientations_iPad = "UIInterfaceOrientationPortrait UIInterfaceOrientationPortraitUpsideDown UIInterfaceOrientationLandscapeLeft UIInterfaceOrientationLandscapeRight";
				INFOPLIST_KEY_UISupportedInterfaceOrientations_iPhone = "UIInterfaceOrientationPortrait UIInterfaceOrientationLandscapeLeft UIInterfaceOrientationLandscapeRight";
				IPHONEOS_DEPLOYMENT_TARGET = 17.2;
				LD_RUNPATH_SEARCH_PATHS = "@executable_path/Frameworks";
				"LD_RUNPATH_SEARCH_PATHS[sdk=macosx*]" = "@executable_path/../Frameworks";
				MACOSX_DEPLOYMENT_TARGET = 14.2;
				MARKETING_VERSION = 1.0;
				PRODUCT_BUNDLE_IDENTIFIER = com.vdmholding.AmbientSounds;
				PRODUCT_NAME = "$(TARGET_NAME)";
				SDKROOT = auto;
				SUPPORTED_PLATFORMS = "iphoneos iphonesimulator macosx";
				SWIFT_EMIT_LOC_STRINGS = YES;
				SWIFT_VERSION = 5.0;
				TARGETED_DEVICE_FAMILY = "1,2";
			};
			name = Release;
		};
		594386D02B41914200D94A16 /* Debug */ = {
			isa = XCBuildConfiguration;
			buildSettings = {
				ALWAYS_EMBED_SWIFT_STANDARD_LIBRARIES = YES;
				BUNDLE_LOADER = "$(TEST_HOST)";
				CODE_SIGN_STYLE = Automatic;
				CURRENT_PROJECT_VERSION = 1;
				DEVELOPMENT_TEAM = RH3P6FM765;
				GENERATE_INFOPLIST_FILE = YES;
				IPHONEOS_DEPLOYMENT_TARGET = 17.2;
				MACOSX_DEPLOYMENT_TARGET = 14.2;
				MARKETING_VERSION = 1.0;
				PRODUCT_BUNDLE_IDENTIFIER = com.vdmholding.AmbientSoundsTests;
				PRODUCT_NAME = "$(TARGET_NAME)";
				SDKROOT = auto;
				SUPPORTED_PLATFORMS = "iphoneos iphonesimulator macosx";
				SWIFT_EMIT_LOC_STRINGS = NO;
				SWIFT_VERSION = 5.0;
				TARGETED_DEVICE_FAMILY = "1,2";
				TEST_HOST = "$(BUILT_PRODUCTS_DIR)/AmbientSounds.app/$(BUNDLE_EXECUTABLE_FOLDER_PATH)/AmbientSounds";
			};
			name = Debug;
		};
		594386D12B41914200D94A16 /* Release */ = {
			isa = XCBuildConfiguration;
			buildSettings = {
				ALWAYS_EMBED_SWIFT_STANDARD_LIBRARIES = YES;
				BUNDLE_LOADER = "$(TEST_HOST)";
				CODE_SIGN_STYLE = Automatic;
				CURRENT_PROJECT_VERSION = 1;
				DEVELOPMENT_TEAM = RH3P6FM765;
				GENERATE_INFOPLIST_FILE = YES;
				IPHONEOS_DEPLOYMENT_TARGET = 17.2;
				MACOSX_DEPLOYMENT_TARGET = 14.2;
				MARKETING_VERSION = 1.0;
				PRODUCT_BUNDLE_IDENTIFIER = com.vdmholding.AmbientSoundsTests;
				PRODUCT_NAME = "$(TARGET_NAME)";
				SDKROOT = auto;
				SUPPORTED_PLATFORMS = "iphoneos iphonesimulator macosx";
				SWIFT_EMIT_LOC_STRINGS = NO;
				SWIFT_VERSION = 5.0;
				TARGETED_DEVICE_FAMILY = "1,2";
				TEST_HOST = "$(BUILT_PRODUCTS_DIR)/AmbientSounds.app/$(BUNDLE_EXECUTABLE_FOLDER_PATH)/AmbientSounds";
			};
			name = Release;
		};
		594386D32B41914200D94A16 /* Debug */ = {
			isa = XCBuildConfiguration;
			buildSettings = {
				ALWAYS_EMBED_SWIFT_STANDARD_LIBRARIES = YES;
				CODE_SIGN_STYLE = Automatic;
				CURRENT_PROJECT_VERSION = 1;
				DEVELOPMENT_TEAM = RH3P6FM765;
				GENERATE_INFOPLIST_FILE = YES;
				IPHONEOS_DEPLOYMENT_TARGET = 17.2;
				MACOSX_DEPLOYMENT_TARGET = 14.2;
				MARKETING_VERSION = 1.0;
				PRODUCT_BUNDLE_IDENTIFIER = com.vdmholding.AmbientSoundsUITests;
				PRODUCT_NAME = "$(TARGET_NAME)";
				SDKROOT = auto;
				SUPPORTED_PLATFORMS = "iphoneos iphonesimulator macosx";
				SWIFT_EMIT_LOC_STRINGS = NO;
				SWIFT_VERSION = 5.0;
				TARGETED_DEVICE_FAMILY = "1,2";
				TEST_TARGET_NAME = AmbientSounds;
			};
			name = Debug;
		};
		594386D42B41914200D94A16 /* Release */ = {
			isa = XCBuildConfiguration;
			buildSettings = {
				ALWAYS_EMBED_SWIFT_STANDARD_LIBRARIES = YES;
				CODE_SIGN_STYLE = Automatic;
				CURRENT_PROJECT_VERSION = 1;
				DEVELOPMENT_TEAM = RH3P6FM765;
				GENERATE_INFOPLIST_FILE = YES;
				IPHONEOS_DEPLOYMENT_TARGET = 17.2;
				MACOSX_DEPLOYMENT_TARGET = 14.2;
				MARKETING_VERSION = 1.0;
				PRODUCT_BUNDLE_IDENTIFIER = com.vdmholding.AmbientSoundsUITests;
				PRODUCT_NAME = "$(TARGET_NAME)";
				SDKROOT = auto;
				SUPPORTED_PLATFORMS = "iphoneos iphonesimulator macosx";
				SWIFT_EMIT_LOC_STRINGS = NO;
				SWIFT_VERSION = 5.0;
				TARGETED_DEVICE_FAMILY = "1,2";
				TEST_TARGET_NAME = AmbientSounds;
			};
			name = Release;
		};
/* End XCBuildConfiguration section */

/* Begin XCConfigurationList section */
		594386A22B41913B00D94A16 /* Build configuration list for PBXProject "AmbientSounds" */ = {
			isa = XCConfigurationList;
			buildConfigurations = (
				594386CA2B41914200D94A16 /* Debug */,
				594386CB2B41914200D94A16 /* Release */,
			);
			defaultConfigurationIsVisible = 0;
			defaultConfigurationName = Release;
		};
		594386CC2B41914200D94A16 /* Build configuration list for PBXNativeTarget "AmbientSounds" */ = {
			isa = XCConfigurationList;
			buildConfigurations = (
				594386CD2B41914200D94A16 /* Debug */,
				594386CE2B41914200D94A16 /* Release */,
			);
			defaultConfigurationIsVisible = 0;
			defaultConfigurationName = Release;
		};
		594386CF2B41914200D94A16 /* Build configuration list for PBXNativeTarget "AmbientSoundsTests" */ = {
			isa = XCConfigurationList;
			buildConfigurations = (
				594386D02B41914200D94A16 /* Debug */,
				594386D12B41914200D94A16 /* Release */,
			);
			defaultConfigurationIsVisible = 0;
			defaultConfigurationName = Release;
		};
		594386D22B41914200D94A16 /* Build configuration list for PBXNativeTarget "AmbientSoundsUITests" */ = {
			isa = XCConfigurationList;
			buildConfigurations = (
				594386D32B41914200D94A16 /* Debug */,
				594386D42B41914200D94A16 /* Release */,
			);
			defaultConfigurationIsVisible = 0;
			defaultConfigurationName = Release;
		};
/* End XCConfigurationList section */
	};
	rootObject = 5943869F2B41913B00D94A16 /* Project object */;
}
